// !$*UTF8*$!
{
	archiveVersion = 1;
	classes = {
	};
	objectVersion = 52;
	objects = {

/* Begin PBXBuildFile section */
		1933336426D7CDFC0054D6EE /* AppDelegate.swift in Sources */ = {isa = PBXBuildFile; fileRef = 1933336326D7CDFC0054D6EE /* AppDelegate.swift */; };
		1933336626D7CDFC0054D6EE /* SceneDelegate.swift in Sources */ = {isa = PBXBuildFile; fileRef = 1933336526D7CDFC0054D6EE /* SceneDelegate.swift */; };
		1933336B26D7CDFC0054D6EE /* Main.storyboard in Resources */ = {isa = PBXBuildFile; fileRef = 1933336926D7CDFC0054D6EE /* Main.storyboard */; };
		1933336D26D7CE110054D6EE /* Assets.xcassets in Resources */ = {isa = PBXBuildFile; fileRef = 1933336C26D7CE110054D6EE /* Assets.xcassets */; };
		1933337026D7CE110054D6EE /* LaunchScreen.storyboard in Resources */ = {isa = PBXBuildFile; fileRef = 1933336E26D7CE110054D6EE /* LaunchScreen.storyboard */; };
		19DC5EF526E5F94C000DD762 /* ViewController.swift in Sources */ = {isa = PBXBuildFile; fileRef = 19DC5EF426E5F94C000DD762 /* ViewController.swift */; };
		19E85AFE2737605B00880E7B /* GumletInsightsAVPlayer in Frameworks */ = {isa = PBXBuildFile; productRef = 19E85AFD2737605B00880E7B /* GumletInsightsAVPlayer */; };
/* End PBXBuildFile section */

/* Begin PBXCopyFilesBuildPhase section */
		19DC5F1326E61692000DD762 /* Embed Frameworks */ = {
			isa = PBXCopyFilesBuildPhase;
			buildActionMask = 2147483647;
			dstPath = "";
			dstSubfolderSpec = 10;
			files = (
			);
			name = "Embed Frameworks";
			runOnlyForDeploymentPostprocessing = 0;
		};
/* End PBXCopyFilesBuildPhase section */

/* Begin PBXFileReference section */
		1933336026D7CDFC0054D6EE /* InsightsDemoApp.app */ = {isa = PBXFileReference; explicitFileType = wrapper.application; includeInIndex = 0; path = InsightsDemoApp.app; sourceTree = BUILT_PRODUCTS_DIR; };
		1933336326D7CDFC0054D6EE /* AppDelegate.swift */ = {isa = PBXFileReference; lastKnownFileType = sourcecode.swift; path = AppDelegate.swift; sourceTree = "<group>"; };
		1933336526D7CDFC0054D6EE /* SceneDelegate.swift */ = {isa = PBXFileReference; lastKnownFileType = sourcecode.swift; path = SceneDelegate.swift; sourceTree = "<group>"; };
		1933336A26D7CDFC0054D6EE /* Base */ = {isa = PBXFileReference; lastKnownFileType = file.storyboard; name = Base; path = Base.lproj/Main.storyboard; sourceTree = "<group>"; };
		1933336C26D7CE110054D6EE /* Assets.xcassets */ = {isa = PBXFileReference; lastKnownFileType = folder.assetcatalog; path = Assets.xcassets; sourceTree = "<group>"; };
		1933336F26D7CE110054D6EE /* Base */ = {isa = PBXFileReference; lastKnownFileType = file.storyboard; name = Base; path = Base.lproj/LaunchScreen.storyboard; sourceTree = "<group>"; };
		1933337126D7CE110054D6EE /* Info.plist */ = {isa = PBXFileReference; lastKnownFileType = text.plist.xml; path = Info.plist; sourceTree = "<group>"; };
		19DC5EF426E5F94C000DD762 /* ViewController.swift */ = {isa = PBXFileReference; lastKnownFileType = sourcecode.swift; path = ViewController.swift; sourceTree = "<group>"; };
		6F94D4DB01853562E18B2CD1 /* Pods_InsightsDemoApp.framework */ = {isa = PBXFileReference; explicitFileType = wrapper.framework; includeInIndex = 0; path = Pods_InsightsDemoApp.framework; sourceTree = BUILT_PRODUCTS_DIR; };
		75D3BFE57DE740E72F2650B9 /* Pods-InsightsDemoApp.release.xcconfig */ = {isa = PBXFileReference; includeInIndex = 1; lastKnownFileType = text.xcconfig; name = "Pods-InsightsDemoApp.release.xcconfig"; path = "Target Support Files/Pods-InsightsDemoApp/Pods-InsightsDemoApp.release.xcconfig"; sourceTree = "<group>"; };
		BCE1739C22F4C92F089ADFB5 /* Pods-InsightsDemoApp.debug.xcconfig */ = {isa = PBXFileReference; includeInIndex = 1; lastKnownFileType = text.xcconfig; name = "Pods-InsightsDemoApp.debug.xcconfig"; path = "Target Support Files/Pods-InsightsDemoApp/Pods-InsightsDemoApp.debug.xcconfig"; sourceTree = "<group>"; };
/* End PBXFileReference section */

/* Begin PBXFrameworksBuildPhase section */
		1933335D26D7CDFC0054D6EE /* Frameworks */ = {
			isa = PBXFrameworksBuildPhase;
			buildActionMask = 2147483647;
			files = (
				19E85AFE2737605B00880E7B /* GumletInsightsAVPlayer in Frameworks */,
			);
			runOnlyForDeploymentPostprocessing = 0;
		};
/* End PBXFrameworksBuildPhase section */

/* Begin PBXGroup section */
		1933335726D7CDFC0054D6EE = {
			isa = PBXGroup;
			children = (
				1933336226D7CDFC0054D6EE /* InsightsDemoApp */,
				1933336126D7CDFC0054D6EE /* Products */,
				5304BCABC8AB0D330564171D /* Pods */,
				5CDC2A924A724A520E0CDA25 /* Frameworks */,
			);
			sourceTree = "<group>";
		};
		1933336126D7CDFC0054D6EE /* Products */ = {
			isa = PBXGroup;
			children = (
				1933336026D7CDFC0054D6EE /* InsightsDemoApp.app */,
			);
			name = Products;
			sourceTree = "<group>";
		};
		1933336226D7CDFC0054D6EE /* InsightsDemoApp */ = {
			isa = PBXGroup;
			children = (
				1933336326D7CDFC0054D6EE /* AppDelegate.swift */,
				1933336526D7CDFC0054D6EE /* SceneDelegate.swift */,
				1933336926D7CDFC0054D6EE /* Main.storyboard */,
				1933336C26D7CE110054D6EE /* Assets.xcassets */,
				1933336E26D7CE110054D6EE /* LaunchScreen.storyboard */,
				1933337126D7CE110054D6EE /* Info.plist */,
				19DC5EF426E5F94C000DD762 /* ViewController.swift */,
			);
			path = InsightsDemoApp;
			sourceTree = "<group>";
		};
		5304BCABC8AB0D330564171D /* Pods */ = {
			isa = PBXGroup;
			children = (
				BCE1739C22F4C92F089ADFB5 /* Pods-InsightsDemoApp.debug.xcconfig */,
				75D3BFE57DE740E72F2650B9 /* Pods-InsightsDemoApp.release.xcconfig */,
			);
			path = Pods;
			sourceTree = "<group>";
		};
		5CDC2A924A724A520E0CDA25 /* Frameworks */ = {
			isa = PBXGroup;
			children = (
				6F94D4DB01853562E18B2CD1 /* Pods_InsightsDemoApp.framework */,
			);
			name = Frameworks;
			sourceTree = "<group>";
		};
/* End PBXGroup section */

/* Begin PBXNativeTarget section */
		1933335F26D7CDFC0054D6EE /* InsightsDemoApp */ = {
			isa = PBXNativeTarget;
			buildConfigurationList = 1933337426D7CE110054D6EE /* Build configuration list for PBXNativeTarget "InsightsDemoApp" */;
			buildPhases = (
				3F4300D4D3F355E5A686319E /* [CP] Check Pods Manifest.lock */,
				1933335C26D7CDFC0054D6EE /* Sources */,
				1933335D26D7CDFC0054D6EE /* Frameworks */,
				1933335E26D7CDFC0054D6EE /* Resources */,
				19DC5F1326E61692000DD762 /* Embed Frameworks */,
				A4B5382FCABEB2A8C04A8256 /* [CP] Embed Pods Frameworks */,
			);
			buildRules = (
			);
			dependencies = (
			);
			name = InsightsDemoApp;
			packageProductDependencies = (
				19E85AFD2737605B00880E7B /* GumletInsightsAVPlayer */,
			);
			productName = GumletVideoAnalytics;
			productReference = 1933336026D7CDFC0054D6EE /* InsightsDemoApp.app */;
			productType = "com.apple.product-type.application";
		};
/* End PBXNativeTarget section */

/* Begin PBXProject section */
		1933335826D7CDFC0054D6EE /* Project object */ = {
			isa = PBXProject;
			attributes = {
				LastSwiftUpdateCheck = 1240;
				LastUpgradeCheck = 1240;
				TargetAttributes = {
					1933335F26D7CDFC0054D6EE = {
						CreatedOnToolsVersion = 12.4;
					};
				};
			};
			buildConfigurationList = 1933335B26D7CDFC0054D6EE /* Build configuration list for PBXProject "InsightsDemoApp" */;
			compatibilityVersion = "Xcode 9.3";
			developmentRegion = en;
			hasScannedForEncodings = 0;
			knownRegions = (
				en,
				Base,
			);
			mainGroup = 1933335726D7CDFC0054D6EE;
			packageReferences = (
				19E85AFC2737605B00880E7B /* XCRemoteSwiftPackageReference "gumlet-insights-sdk-avplayer" */,
			);
			productRefGroup = 1933336126D7CDFC0054D6EE /* Products */;
			projectDirPath = "";
			projectRoot = "";
			targets = (
				1933335F26D7CDFC0054D6EE /* InsightsDemoApp */,
			);
		};
/* End PBXProject section */

/* Begin PBXResourcesBuildPhase section */
		1933335E26D7CDFC0054D6EE /* Resources */ = {
			isa = PBXResourcesBuildPhase;
			buildActionMask = 2147483647;
			files = (
				1933337026D7CE110054D6EE /* LaunchScreen.storyboard in Resources */,
				1933336D26D7CE110054D6EE /* Assets.xcassets in Resources */,
				1933336B26D7CDFC0054D6EE /* Main.storyboard in Resources */,
			);
			runOnlyForDeploymentPostprocessing = 0;
		};
/* End PBXResourcesBuildPhase section */

/* Begin PBXShellScriptBuildPhase section */
		3F4300D4D3F355E5A686319E /* [CP] Check Pods Manifest.lock */ = {
			isa = PBXShellScriptBuildPhase;
			buildActionMask = 2147483647;
			files = (
			);
			inputFileListPaths = (
			);
			inputPaths = (
				"${PODS_PODFILE_DIR_PATH}/Podfile.lock",
				"${PODS_ROOT}/Manifest.lock",
			);
			name = "[CP] Check Pods Manifest.lock";
			outputFileListPaths = (
			);
			outputPaths = (
				"$(DERIVED_FILE_DIR)/Pods-InsightsDemoApp-checkManifestLockResult.txt",
			);
			runOnlyForDeploymentPostprocessing = 0;
			shellPath = /bin/sh;
			shellScript = "diff \"${PODS_PODFILE_DIR_PATH}/Podfile.lock\" \"${PODS_ROOT}/Manifest.lock\" > /dev/null\nif [ $? != 0 ] ; then\n    # print error to STDERR\n    echo \"error: The sandbox is not in sync with the Podfile.lock. Run 'pod install' or update your CocoaPods installation.\" >&2\n    exit 1\nfi\n# This output is used by Xcode 'outputs' to avoid re-running this script phase.\necho \"SUCCESS\" > \"${SCRIPT_OUTPUT_FILE_0}\"\n";
			showEnvVarsInLog = 0;
		};
		A4B5382FCABEB2A8C04A8256 /* [CP] Embed Pods Frameworks */ = {
			isa = PBXShellScriptBuildPhase;
			buildActionMask = 2147483647;
			files = (
			);
			inputFileListPaths = (
				"${PODS_ROOT}/Target Support Files/Pods-InsightsDemoApp/Pods-InsightsDemoApp-frameworks-${CONFIGURATION}-input-files.xcfilelist",
			);
			name = "[CP] Embed Pods Frameworks";
			outputFileListPaths = (
				"${PODS_ROOT}/Target Support Files/Pods-InsightsDemoApp/Pods-InsightsDemoApp-frameworks-${CONFIGURATION}-output-files.xcfilelist",
			);
			runOnlyForDeploymentPostprocessing = 0;
			shellPath = /bin/sh;
			shellScript = "\"${PODS_ROOT}/Target Support Files/Pods-InsightsDemoApp/Pods-InsightsDemoApp-frameworks.sh\"\n";
			showEnvVarsInLog = 0;
		};
/* End PBXShellScriptBuildPhase section */

/* Begin PBXSourcesBuildPhase section */
		1933335C26D7CDFC0054D6EE /* Sources */ = {
			isa = PBXSourcesBuildPhase;
			buildActionMask = 2147483647;
			files = (
				19DC5EF526E5F94C000DD762 /* ViewController.swift in Sources */,
				1933336426D7CDFC0054D6EE /* AppDelegate.swift in Sources */,
				1933336626D7CDFC0054D6EE /* SceneDelegate.swift in Sources */,
			);
			runOnlyForDeploymentPostprocessing = 0;
		};
/* End PBXSourcesBuildPhase section */

/* Begin PBXVariantGroup section */
		1933336926D7CDFC0054D6EE /* Main.storyboard */ = {
			isa = PBXVariantGroup;
			children = (
				1933336A26D7CDFC0054D6EE /* Base */,
			);
			name = Main.storyboard;
			sourceTree = "<group>";
		};
		1933336E26D7CE110054D6EE /* LaunchScreen.storyboard */ = {
			isa = PBXVariantGroup;
			children = (
				1933336F26D7CE110054D6EE /* Base */,
			);
			name = LaunchScreen.storyboard;
			sourceTree = "<group>";
		};
/* End PBXVariantGroup section */

/* Begin XCBuildConfiguration section */
		1933337226D7CE110054D6EE /* Debug */ = {
			isa = XCBuildConfiguration;
			buildSettings = {
				ALWAYS_SEARCH_USER_PATHS = NO;
				CLANG_ANALYZER_NONNULL = YES;
				CLANG_ANALYZER_NUMBER_OBJECT_CONVERSION = YES_AGGRESSIVE;
				CLANG_CXX_LANGUAGE_STANDARD = "gnu++14";
				CLANG_CXX_LIBRARY = "libc++";
				CLANG_ENABLE_MODULES = YES;
				CLANG_ENABLE_OBJC_ARC = YES;
				CLANG_ENABLE_OBJC_WEAK = YES;
				CLANG_WARN_BLOCK_CAPTURE_AUTORELEASING = YES;
				CLANG_WARN_BOOL_CONVERSION = YES;
				CLANG_WARN_COMMA = YES;
				CLANG_WARN_CONSTANT_CONVERSION = YES;
				CLANG_WARN_DEPRECATED_OBJC_IMPLEMENTATIONS = YES;
				CLANG_WARN_DIRECT_OBJC_ISA_USAGE = YES_ERROR;
				CLANG_WARN_DOCUMENTATION_COMMENTS = YES;
				CLANG_WARN_EMPTY_BODY = YES;
				CLANG_WARN_ENUM_CONVERSION = YES;
				CLANG_WARN_INFINITE_RECURSION = YES;
				CLANG_WARN_INT_CONVERSION = YES;
				CLANG_WARN_NON_LITERAL_NULL_CONVERSION = YES;
				CLANG_WARN_OBJC_IMPLICIT_RETAIN_SELF = YES;
				CLANG_WARN_OBJC_LITERAL_CONVERSION = YES;
				CLANG_WARN_OBJC_ROOT_CLASS = YES_ERROR;
				CLANG_WARN_QUOTED_INCLUDE_IN_FRAMEWORK_HEADER = YES;
				CLANG_WARN_RANGE_LOOP_ANALYSIS = YES;
				CLANG_WARN_STRICT_PROTOTYPES = YES;
				CLANG_WARN_SUSPICIOUS_MOVE = YES;
				CLANG_WARN_UNGUARDED_AVAILABILITY = YES_AGGRESSIVE;
				CLANG_WARN_UNREACHABLE_CODE = YES;
				CLANG_WARN__DUPLICATE_METHOD_MATCH = YES;
				COPY_PHASE_STRIP = NO;
				DEBUG_INFORMATION_FORMAT = dwarf;
				ENABLE_STRICT_OBJC_MSGSEND = YES;
				ENABLE_TESTABILITY = YES;
				GCC_C_LANGUAGE_STANDARD = gnu11;
				GCC_DYNAMIC_NO_PIC = NO;
				GCC_NO_COMMON_BLOCKS = YES;
				GCC_OPTIMIZATION_LEVEL = 0;
				GCC_PREPROCESSOR_DEFINITIONS = (
					"DEBUG=1",
					"$(inherited)",
				);
				GCC_WARN_64_TO_32_BIT_CONVERSION = YES;
				GCC_WARN_ABOUT_RETURN_TYPE = YES_ERROR;
				GCC_WARN_UNDECLARED_SELECTOR = YES;
				GCC_WARN_UNINITIALIZED_AUTOS = YES_AGGRESSIVE;
				GCC_WARN_UNUSED_FUNCTION = YES;
				GCC_WARN_UNUSED_VARIABLE = YES;
				IPHONEOS_DEPLOYMENT_TARGET = 14.4;
				MTL_ENABLE_DEBUG_INFO = INCLUDE_SOURCE;
				MTL_FAST_MATH = YES;
				ONLY_ACTIVE_ARCH = YES;
				SDKROOT = iphoneos;
				SWIFT_ACTIVE_COMPILATION_CONDITIONS = DEBUG;
				SWIFT_OPTIMIZATION_LEVEL = "-Onone";
			};
			name = Debug;
		};
		1933337326D7CE110054D6EE /* Release */ = {
			isa = XCBuildConfiguration;
			buildSettings = {
				ALWAYS_SEARCH_USER_PATHS = NO;
				CLANG_ANALYZER_NONNULL = YES;
				CLANG_ANALYZER_NUMBER_OBJECT_CONVERSION = YES_AGGRESSIVE;
				CLANG_CXX_LANGUAGE_STANDARD = "gnu++14";
				CLANG_CXX_LIBRARY = "libc++";
				CLANG_ENABLE_MODULES = YES;
				CLANG_ENABLE_OBJC_ARC = YES;
				CLANG_ENABLE_OBJC_WEAK = YES;
				CLANG_WARN_BLOCK_CAPTURE_AUTORELEASING = YES;
				CLANG_WARN_BOOL_CONVERSION = YES;
				CLANG_WARN_COMMA = YES;
				CLANG_WARN_CONSTANT_CONVERSION = YES;
				CLANG_WARN_DEPRECATED_OBJC_IMPLEMENTATIONS = YES;
				CLANG_WARN_DIRECT_OBJC_ISA_USAGE = YES_ERROR;
				CLANG_WARN_DOCUMENTATION_COMMENTS = YES;
				CLANG_WARN_EMPTY_BODY = YES;
				CLANG_WARN_ENUM_CONVERSION = YES;
				CLANG_WARN_INFINITE_RECURSION = YES;
				CLANG_WARN_INT_CONVERSION = YES;
				CLANG_WARN_NON_LITERAL_NULL_CONVERSION = YES;
				CLANG_WARN_OBJC_IMPLICIT_RETAIN_SELF = YES;
				CLANG_WARN_OBJC_LITERAL_CONVERSION = YES;
				CLANG_WARN_OBJC_ROOT_CLASS = YES_ERROR;
				CLANG_WARN_QUOTED_INCLUDE_IN_FRAMEWORK_HEADER = YES;
				CLANG_WARN_RANGE_LOOP_ANALYSIS = YES;
				CLANG_WARN_STRICT_PROTOTYPES = YES;
				CLANG_WARN_SUSPICIOUS_MOVE = YES;
				CLANG_WARN_UNGUARDED_AVAILABILITY = YES_AGGRESSIVE;
				CLANG_WARN_UNREACHABLE_CODE = YES;
				CLANG_WARN__DUPLICATE_METHOD_MATCH = YES;
				COPY_PHASE_STRIP = NO;
				DEBUG_INFORMATION_FORMAT = "dwarf-with-dsym";
				ENABLE_NS_ASSERTIONS = NO;
				ENABLE_STRICT_OBJC_MSGSEND = YES;
				GCC_C_LANGUAGE_STANDARD = gnu11;
				GCC_NO_COMMON_BLOCKS = YES;
				GCC_WARN_64_TO_32_BIT_CONVERSION = YES;
				GCC_WARN_ABOUT_RETURN_TYPE = YES_ERROR;
				GCC_WARN_UNDECLARED_SELECTOR = YES;
				GCC_WARN_UNINITIALIZED_AUTOS = YES_AGGRESSIVE;
				GCC_WARN_UNUSED_FUNCTION = YES;
				GCC_WARN_UNUSED_VARIABLE = YES;
				IPHONEOS_DEPLOYMENT_TARGET = 14.4;
				MTL_ENABLE_DEBUG_INFO = NO;
				MTL_FAST_MATH = YES;
				SDKROOT = iphoneos;
				SWIFT_COMPILATION_MODE = wholemodule;
				SWIFT_OPTIMIZATION_LEVEL = "-O";
				VALIDATE_PRODUCT = YES;
			};
			name = Release;
		};
		1933337526D7CE110054D6EE /* Debug */ = {
			isa = XCBuildConfiguration;
			baseConfigurationReference = BCE1739C22F4C92F089ADFB5 /* Pods-InsightsDemoApp.debug.xcconfig */;
			buildSettings = {
				ASSETCATALOG_COMPILER_APPICON_NAME = AppIcon;
				ASSETCATALOG_COMPILER_GLOBAL_ACCENT_COLOR_NAME = AccentColor;
				CODE_SIGN_IDENTITY = "iPhone Distribution";
				CODE_SIGN_STYLE = Manual;
				CURRENT_PROJECT_VERSION = 1.2.17;
				DEVELOPMENT_TEAM = 3MWV7N25AJ;
				INFOPLIST_FILE = InsightsDemoApp/Info.plist;
				IPHONEOS_DEPLOYMENT_TARGET = 14.4;
				LD_RUNPATH_SEARCH_PATHS = (
					"$(inherited)",
					"@executable_path/Frameworks",
				);
				MARKETING_VERSION = 1.0;
				PRODUCT_BUNDLE_IDENTIFIER = com.gumlet.GumletVideoAnalytics;
				PRODUCT_NAME = "$(TARGET_NAME)";
				PROVISIONING_PROFILE_SPECIFIER = GumVideoAnaDistribution;
				SWIFT_VERSION = 5.0;
				TARGETED_DEVICE_FAMILY = "1,2";
			};
			name = Debug;
		};
		1933337626D7CE110054D6EE /* Release */ = {
			isa = XCBuildConfiguration;
			baseConfigurationReference = 75D3BFE57DE740E72F2650B9 /* Pods-InsightsDemoApp.release.xcconfig */;
			buildSettings = {
				ASSETCATALOG_COMPILER_APPICON_NAME = AppIcon;
				ASSETCATALOG_COMPILER_GLOBAL_ACCENT_COLOR_NAME = AccentColor;
				CODE_SIGN_IDENTITY = "iPhone Distribution";
				CODE_SIGN_STYLE = Manual;
				CURRENT_PROJECT_VERSION = 1.2.17;
				DEVELOPMENT_TEAM = 3MWV7N25AJ;
				INFOPLIST_FILE = InsightsDemoApp/Info.plist;
				IPHONEOS_DEPLOYMENT_TARGET = 14.4;
				LD_RUNPATH_SEARCH_PATHS = (
					"$(inherited)",
					"@executable_path/Frameworks",
				);
				MARKETING_VERSION = 1.0;
				PRODUCT_BUNDLE_IDENTIFIER = com.gumlet.GumletVideoAnalytics;
				PRODUCT_NAME = "$(TARGET_NAME)";
				PROVISIONING_PROFILE_SPECIFIER = GumVideoAnaDistribution;
				SWIFT_VERSION = 5.0;
				TARGETED_DEVICE_FAMILY = "1,2";
			};
			name = Release;
		};
/* End XCBuildConfiguration section */

/* Begin XCConfigurationList section */
		1933335B26D7CDFC0054D6EE /* Build configuration list for PBXProject "InsightsDemoApp" */ = {
			isa = XCConfigurationList;
			buildConfigurations = (
				1933337226D7CE110054D6EE /* Debug */,
				1933337326D7CE110054D6EE /* Release */,
			);
			defaultConfigurationIsVisible = 0;
			defaultConfigurationName = Release;
		};
		1933337426D7CE110054D6EE /* Build configuration list for PBXNativeTarget "InsightsDemoApp" */ = {
			isa = XCConfigurationList;
			buildConfigurations = (
				1933337526D7CE110054D6EE /* Debug */,
				1933337626D7CE110054D6EE /* Release */,
			);
			defaultConfigurationIsVisible = 0;
			defaultConfigurationName = Release;
		};
/* End XCConfigurationList section */

/* Begin XCRemoteSwiftPackageReference section */
		19E85AFC2737605B00880E7B /* XCRemoteSwiftPackageReference "gumlet-insights-sdk-avplayer" */ = {
			isa = XCRemoteSwiftPackageReference;
			repositoryURL = "https://github.com/gumlet/gumlet-insights-sdk-avplayer";
			requirement = {
				branch = main;
				kind = branch;
			};
		};
/* End XCRemoteSwiftPackageReference section */

/* Begin XCSwiftPackageProductDependency section */
		19E85AFD2737605B00880E7B /* GumletInsightsAVPlayer */ = {
			isa = XCSwiftPackageProductDependency;
			package = 19E85AFC2737605B00880E7B /* XCRemoteSwiftPackageReference "gumlet-insights-sdk-avplayer" */;
			productName = GumletInsightsAVPlayer;
		};
/* End XCSwiftPackageProductDependency section */
	};
	rootObject = 1933335826D7CDFC0054D6EE /* Project object */;
}
