// !$*UTF8*$!
{
	archiveVersion = 1;
	classes = {
	};
	objectVersion = 50;
	objects = {

/* Begin PBXBuildFile section */
		19509CF427127C8C00CFFE4F /* UIDevice+type.swift in Sources */ = {isa = PBXBuildFile; fileRef = 19509CF327127C8C00CFFE4F /* UIDevice+type.swift */; };
		196E2D0A2769C4B1007F80F4 /* GumletMachine.swift in Sources */ = {isa = PBXBuildFile; fileRef = 196E2D082769C4B1007F80F4 /* GumletMachine.swift */; };
		196E2D0B2769C4B1007F80F4 /* GumletTransition.swift in Sources */ = {isa = PBXBuildFile; fileRef = 196E2D092769C4B1007F80F4 /* GumletTransition.swift */; };
		1994325C272A7FCB002EC64F /* GumletInsightsManager.swift in Sources */ = {isa = PBXBuildFile; fileRef = 1994325B272A7FCA002EC64F /* GumletInsightsManager.swift */; };
		19943261272A818C002EC64F /* GumletInsightsConfig.swift in Sources */ = {isa = PBXBuildFile; fileRef = 19943260272A818C002EC64F /* GumletInsightsConfig.swift */; };
		19B400DA271421EA0031498C /* Float+roundToDecimalFloat.swift in Sources */ = {isa = PBXBuildFile; fileRef = 19B400D8271421EA0031498C /* Float+roundToDecimalFloat.swift */; };
		19B400DB271421EA0031498C /* Double+roundToDecimal.swift in Sources */ = {isa = PBXBuildFile; fileRef = 19B400D9271421EA0031498C /* Double+roundToDecimal.swift */; };
		19B400E027149A010031498C /* GumletInsightsCustomVideoData.swift in Sources */ = {isa = PBXBuildFile; fileRef = 19B400DF27149A010031498C /* GumletInsightsCustomVideoData.swift */; };
		19FC031D272132690017F68C /* GumletInsightsCustomPlayerData.swift in Sources */ = {isa = PBXBuildFile; fileRef = 19FC031C272132690017F68C /* GumletInsightsCustomPlayerData.swift */; };
		19FC03512722B35E0017F68C /* GumletInsightsCustomData.swift in Sources */ = {isa = PBXBuildFile; fileRef = 19FC03502722B35E0017F68C /* GumletInsightsCustomData.swift */; };
		BC12D07826F079670056D03C /* GumletInsightsUserData.swift in Sources */ = {isa = PBXBuildFile; fileRef = BC12D07326F079670056D03C /* GumletInsightsUserData.swift */; };
		BC12D07926F079670056D03C /* AVPlayerCore.swift in Sources */ = {isa = PBXBuildFile; fileRef = BC12D07426F079670056D03C /* AVPlayerCore.swift */; };
		BC12D07B26F079670056D03C /* GumletInsightsSDK.swift in Sources */ = {isa = PBXBuildFile; fileRef = BC12D07626F079670056D03C /* GumletInsightsSDK.swift */; };
		BC12D08726F07BE00056D03C /* HTTPClient.swift in Sources */ = {isa = PBXBuildFile; fileRef = BC12D08626F07BE00056D03C /* HTTPClient.swift */; };
		BC12D08A26F07F0E0056D03C /* GumletInsightsDeviceData.swift in Sources */ = {isa = PBXBuildFile; fileRef = BC12D08926F07F0E0056D03C /* GumletInsightsDeviceData.swift */; };
		BC12D08C26F0807E0056D03C /* GumletInsightsOSData.swift in Sources */ = {isa = PBXBuildFile; fileRef = BC12D08B26F0807E0056D03C /* GumletInsightsOSData.swift */; };
		BC12D08E26F082B10056D03C /* GumletInsightsIdentifiers.swift in Sources */ = {isa = PBXBuildFile; fileRef = BC12D08D26F082B10056D03C /* GumletInsightsIdentifiers.swift */; };
		BC12D09326F083C70056D03C /* KeychainSwift.swift in Sources */ = {isa = PBXBuildFile; fileRef = BC12D09226F083C70056D03C /* KeychainSwift.swift */; };
		BC12D09626F0E2360056D03C /* Constants.swift in Sources */ = {isa = PBXBuildFile; fileRef = BC12D09526F0E2360056D03C /* Constants.swift */; };
		BC12D09B26F1CDFC0056D03C /* Dictionary+QueryString.swift in Sources */ = {isa = PBXBuildFile; fileRef = BC12D09A26F1CDFC0056D03C /* Dictionary+QueryString.swift */; };
/* End PBXBuildFile section */

/* Begin PBXFileReference section */
		19509CF327127C8C00CFFE4F /* UIDevice+type.swift */ = {isa = PBXFileReference; fileEncoding = 4; lastKnownFileType = sourcecode.swift; path = "UIDevice+type.swift"; sourceTree = "<group>"; };
		196E2D082769C4B1007F80F4 /* GumletMachine.swift */ = {isa = PBXFileReference; fileEncoding = 4; lastKnownFileType = sourcecode.swift; path = GumletMachine.swift; sourceTree = "<group>"; };
		196E2D092769C4B1007F80F4 /* GumletTransition.swift */ = {isa = PBXFileReference; fileEncoding = 4; lastKnownFileType = sourcecode.swift; path = GumletTransition.swift; sourceTree = "<group>"; };
		1994325B272A7FCA002EC64F /* GumletInsightsManager.swift */ = {isa = PBXFileReference; fileEncoding = 4; lastKnownFileType = sourcecode.swift; path = GumletInsightsManager.swift; sourceTree = "<group>"; };
		19943260272A818C002EC64F /* GumletInsightsConfig.swift */ = {isa = PBXFileReference; lastKnownFileType = sourcecode.swift; path = GumletInsightsConfig.swift; sourceTree = "<group>"; };
		19B400D8271421EA0031498C /* Float+roundToDecimalFloat.swift */ = {isa = PBXFileReference; fileEncoding = 4; lastKnownFileType = sourcecode.swift; path = "Float+roundToDecimalFloat.swift"; sourceTree = "<group>"; };
		19B400D9271421EA0031498C /* Double+roundToDecimal.swift */ = {isa = PBXFileReference; fileEncoding = 4; lastKnownFileType = sourcecode.swift; path = "Double+roundToDecimal.swift"; sourceTree = "<group>"; };
		19B400DF27149A010031498C /* GumletInsightsCustomVideoData.swift */ = {isa = PBXFileReference; lastKnownFileType = sourcecode.swift; path = GumletInsightsCustomVideoData.swift; sourceTree = "<group>"; };
		19DC5F1E26E61797000DD762 /* GumletInsightsSDKAVPlayer.framework */ = {isa = PBXFileReference; explicitFileType = wrapper.framework; includeInIndex = 0; path = GumletInsightsSDKAVPlayer.framework; sourceTree = BUILT_PRODUCTS_DIR; };
		19FC031C272132690017F68C /* GumletInsightsCustomPlayerData.swift */ = {isa = PBXFileReference; lastKnownFileType = sourcecode.swift; path = GumletInsightsCustomPlayerData.swift; sourceTree = "<group>"; };
		19FC03502722B35E0017F68C /* GumletInsightsCustomData.swift */ = {isa = PBXFileReference; lastKnownFileType = sourcecode.swift; path = GumletInsightsCustomData.swift; sourceTree = "<group>"; };
		BC12D07226F079670056D03C /* GumletInsightsSDK.h */ = {isa = PBXFileReference; fileEncoding = 4; lastKnownFileType = sourcecode.c.h; path = GumletInsightsSDK.h; sourceTree = "<group>"; };
		BC12D07326F079670056D03C /* GumletInsightsUserData.swift */ = {isa = PBXFileReference; fileEncoding = 4; lastKnownFileType = sourcecode.swift; path = GumletInsightsUserData.swift; sourceTree = "<group>"; };
		BC12D07426F079670056D03C /* AVPlayerCore.swift */ = {isa = PBXFileReference; fileEncoding = 4; lastKnownFileType = sourcecode.swift; path = AVPlayerCore.swift; sourceTree = "<group>"; };
		BC12D07526F079670056D03C /* Info.plist */ = {isa = PBXFileReference; fileEncoding = 4; lastKnownFileType = text.plist.xml; path = Info.plist; sourceTree = "<group>"; };
		BC12D07626F079670056D03C /* GumletInsightsSDK.swift */ = {isa = PBXFileReference; fileEncoding = 4; lastKnownFileType = sourcecode.swift; path = GumletInsightsSDK.swift; sourceTree = "<group>"; };
		BC12D08626F07BE00056D03C /* HTTPClient.swift */ = {isa = PBXFileReference; lastKnownFileType = sourcecode.swift; path = HTTPClient.swift; sourceTree = "<group>"; };
		BC12D08926F07F0E0056D03C /* GumletInsightsDeviceData.swift */ = {isa = PBXFileReference; lastKnownFileType = sourcecode.swift; path = GumletInsightsDeviceData.swift; sourceTree = "<group>"; };
		BC12D08B26F0807E0056D03C /* GumletInsightsOSData.swift */ = {isa = PBXFileReference; lastKnownFileType = sourcecode.swift; path = GumletInsightsOSData.swift; sourceTree = "<group>"; };
		BC12D08D26F082B10056D03C /* GumletInsightsIdentifiers.swift */ = {isa = PBXFileReference; lastKnownFileType = sourcecode.swift; path = GumletInsightsIdentifiers.swift; sourceTree = "<group>"; };
		BC12D09226F083C70056D03C /* KeychainSwift.swift */ = {isa = PBXFileReference; fileEncoding = 4; lastKnownFileType = sourcecode.swift; path = KeychainSwift.swift; sourceTree = "<group>"; };
		BC12D09526F0E2360056D03C /* Constants.swift */ = {isa = PBXFileReference; lastKnownFileType = sourcecode.swift; path = Constants.swift; sourceTree = "<group>"; };
		BC12D09A26F1CDFC0056D03C /* Dictionary+QueryString.swift */ = {isa = PBXFileReference; lastKnownFileType = sourcecode.swift; path = "Dictionary+QueryString.swift"; sourceTree = "<group>"; };
/* End PBXFileReference section */

/* Begin PBXFrameworksBuildPhase section */
		19DC5F1B26E61797000DD762 /* Frameworks */ = {
			isa = PBXFrameworksBuildPhase;
			buildActionMask = 2147483647;
			files = (
			);
			runOnlyForDeploymentPostprocessing = 0;
		};
/* End PBXFrameworksBuildPhase section */

/* Begin PBXGroup section */
		19DC5F1426E61797000DD762 = {
			isa = PBXGroup;
			children = (
				BC12D07126F079670056D03C /* GumletInsightsSDKAVPlayer */,
				19DC5F1F26E61797000DD762 /* Products */,
			);
			sourceTree = "<group>";
			usesTabs = 0;
		};
		19DC5F1F26E61797000DD762 /* Products */ = {
			isa = PBXGroup;
			children = (
				19DC5F1E26E61797000DD762 /* GumletInsightsSDKAVPlayer.framework */,
			);
			name = Products;
			sourceTree = "<group>";
		};
		BC12D07126F079670056D03C /* GumletInsightsSDKAVPlayer */ = {
			isa = PBXGroup;
			children = (
				BC12D09926F1CDEA0056D03C /* Extensions */,
				BC12D09126F083B50056D03C /* Utils */,
				BC12D08826F07EF80056D03C /* Models */,
				BC12D07226F079670056D03C /* GumletInsightsSDK.h */,
				1994325B272A7FCA002EC64F /* GumletInsightsManager.swift */,
				BC12D07526F079670056D03C /* Info.plist */,
				BC12D07426F079670056D03C /* AVPlayerCore.swift */,
				BC12D07626F079670056D03C /* GumletInsightsSDK.swift */,
			);
			path = GumletInsightsSDKAVPlayer;
			sourceTree = "<group>";
		};
		BC12D08826F07EF80056D03C /* Models */ = {
			isa = PBXGroup;
			children = (
				BC12D07326F079670056D03C /* GumletInsightsUserData.swift */,
				BC12D08926F07F0E0056D03C /* GumletInsightsDeviceData.swift */,
				BC12D08B26F0807E0056D03C /* GumletInsightsOSData.swift */,
				BC12D08D26F082B10056D03C /* GumletInsightsIdentifiers.swift */,
				19B400DF27149A010031498C /* GumletInsightsCustomVideoData.swift */,
				19FC031C272132690017F68C /* GumletInsightsCustomPlayerData.swift */,
				19FC03502722B35E0017F68C /* GumletInsightsCustomData.swift */,
				19943260272A818C002EC64F /* GumletInsightsConfig.swift */,
			);
			path = Models;
			sourceTree = "<group>";
		};
		BC12D09126F083B50056D03C /* Utils */ = {
			isa = PBXGroup;
			children = (
				196E2D082769C4B1007F80F4 /* GumletMachine.swift */,
				196E2D092769C4B1007F80F4 /* GumletTransition.swift */,
				BC12D09226F083C70056D03C /* KeychainSwift.swift */,
				BC12D08626F07BE00056D03C /* HTTPClient.swift */,
				BC12D09526F0E2360056D03C /* Constants.swift */,
			);
			path = Utils;
			sourceTree = "<group>";
		};
		BC12D09926F1CDEA0056D03C /* Extensions */ = {
			isa = PBXGroup;
			children = (
				19B400D9271421EA0031498C /* Double+roundToDecimal.swift */,
				19B400D8271421EA0031498C /* Float+roundToDecimalFloat.swift */,
				19509CF327127C8C00CFFE4F /* UIDevice+type.swift */,
				BC12D09A26F1CDFC0056D03C /* Dictionary+QueryString.swift */,
			);
			path = Extensions;
			sourceTree = "<group>";
		};
/* End PBXGroup section */

/* Begin PBXHeadersBuildPhase section */
		19DC5F1926E61797000DD762 /* Headers */ = {
			isa = PBXHeadersBuildPhase;
			buildActionMask = 2147483647;
			files = (
			);
			runOnlyForDeploymentPostprocessing = 0;
		};
/* End PBXHeadersBuildPhase section */

/* Begin PBXNativeTarget section */
		19DC5F1D26E61797000DD762 /* GumletInsightsSDKAVPlayer */ = {
			isa = PBXNativeTarget;
			buildConfigurationList = 19DC5F2626E61797000DD762 /* Build configuration list for PBXNativeTarget "GumletInsightsSDKAVPlayer" */;
			buildPhases = (
				19DC5F1926E61797000DD762 /* Headers */,
				19DC5F1A26E61797000DD762 /* Sources */,
				19DC5F1B26E61797000DD762 /* Frameworks */,
				19DC5F1C26E61797000DD762 /* Resources */,
			);
			buildRules = (
			);
			dependencies = (
			);
			name = GumletInsightsSDKAVPlayer;
			productName = GumletSDKVidAnalytics;
			productReference = 19DC5F1E26E61797000DD762 /* GumletInsightsSDKAVPlayer.framework */;
			productType = "com.apple.product-type.framework";
		};
/* End PBXNativeTarget section */

/* Begin PBXProject section */
		19DC5F1526E61797000DD762 /* Project object */ = {
			isa = PBXProject;
			attributes = {
				LastUpgradeCheck = 1240;
				TargetAttributes = {
					19DC5F1D26E61797000DD762 = {
						CreatedOnToolsVersion = 12.4;
						LastSwiftMigration = 1240;
					};
				};
			};
			buildConfigurationList = 19DC5F1826E61797000DD762 /* Build configuration list for PBXProject "GumletInsightsSDKAVPlayer" */;
			compatibilityVersion = "Xcode 9.3";
			developmentRegion = en;
			hasScannedForEncodings = 0;
			knownRegions = (
				en,
				Base,
			);
			mainGroup = 19DC5F1426E61797000DD762;
			productRefGroup = 19DC5F1F26E61797000DD762 /* Products */;
			projectDirPath = "";
			projectRoot = "";
			targets = (
				19DC5F1D26E61797000DD762 /* GumletInsightsSDKAVPlayer */,
			);
		};
/* End PBXProject section */

/* Begin PBXResourcesBuildPhase section */
		19DC5F1C26E61797000DD762 /* Resources */ = {
			isa = PBXResourcesBuildPhase;
			buildActionMask = 2147483647;
			files = (
			);
			runOnlyForDeploymentPostprocessing = 0;
		};
/* End PBXResourcesBuildPhase section */

/* Begin PBXSourcesBuildPhase section */
		19DC5F1A26E61797000DD762 /* Sources */ = {
			isa = PBXSourcesBuildPhase;
			buildActionMask = 2147483647;
			files = (
				BC12D07926F079670056D03C /* AVPlayerCore.swift in Sources */,
				19B400DA271421EA0031498C /* Float+roundToDecimalFloat.swift in Sources */,
				19943261272A818C002EC64F /* GumletInsightsConfig.swift in Sources */,
				BC12D08E26F082B10056D03C /* GumletInsightsIdentifiers.swift in Sources */,
				BC12D08A26F07F0E0056D03C /* GumletInsightsDeviceData.swift in Sources */,
				19509CF427127C8C00CFFE4F /* UIDevice+type.swift in Sources */,
				196E2D0B2769C4B1007F80F4 /* GumletTransition.swift in Sources */,
				BC12D07826F079670056D03C /* GumletInsightsUserData.swift in Sources */,
				19FC03512722B35E0017F68C /* GumletInsightsCustomData.swift in Sources */,
				BC12D09B26F1CDFC0056D03C /* Dictionary+QueryString.swift in Sources */,
				19B400E027149A010031498C /* GumletInsightsCustomVideoData.swift in Sources */,
				BC12D08726F07BE00056D03C /* HTTPClient.swift in Sources */,
				BC12D07B26F079670056D03C /* GumletInsightsSDK.swift in Sources */,
				19FC031D272132690017F68C /* GumletInsightsCustomPlayerData.swift in Sources */,
				19B400DB271421EA0031498C /* Double+roundToDecimal.swift in Sources */,
				1994325C272A7FCB002EC64F /* GumletInsightsManager.swift in Sources */,
				196E2D0A2769C4B1007F80F4 /* GumletMachine.swift in Sources */,
				BC12D08C26F0807E0056D03C /* GumletInsightsOSData.swift in Sources */,
				BC12D09326F083C70056D03C /* KeychainSwift.swift in Sources */,
				BC12D09626F0E2360056D03C /* Constants.swift in Sources */,
			);
			runOnlyForDeploymentPostprocessing = 0;
		};
/* End PBXSourcesBuildPhase section */

/* Begin XCBuildConfiguration section */
		19DC5F2426E61797000DD762 /* Debug */ = {
			isa = XCBuildConfiguration;
			buildSettings = {
				ALWAYS_SEARCH_USER_PATHS = NO;
				CLANG_ANALYZER_NONNULL = YES;
				CLANG_ANALYZER_NUMBER_OBJECT_CONVERSION = YES_AGGRESSIVE;
				CLANG_CXX_LANGUAGE_STANDARD = "gnu++14";
				CLANG_CXX_LIBRARY = "libc++";
				CLANG_ENABLE_MODULES = YES;
				CLANG_ENABLE_OBJC_ARC = YES;
				CLANG_ENABLE_OBJC_WEAK = YES;
				CLANG_WARN_BLOCK_CAPTURE_AUTORELEASING = YES;
				CLANG_WARN_BOOL_CONVERSION = YES;
				CLANG_WARN_COMMA = YES;
				CLANG_WARN_CONSTANT_CONVERSION = YES;
				CLANG_WARN_DEPRECATED_OBJC_IMPLEMENTATIONS = YES;
				CLANG_WARN_DIRECT_OBJC_ISA_USAGE = YES_ERROR;
				CLANG_WARN_DOCUMENTATION_COMMENTS = YES;
				CLANG_WARN_EMPTY_BODY = YES;
				CLANG_WARN_ENUM_CONVERSION = YES;
				CLANG_WARN_INFINITE_RECURSION = YES;
				CLANG_WARN_INT_CONVERSION = YES;
				CLANG_WARN_NON_LITERAL_NULL_CONVERSION = YES;
				CLANG_WARN_OBJC_IMPLICIT_RETAIN_SELF = YES;
				CLANG_WARN_OBJC_LITERAL_CONVERSION = YES;
				CLANG_WARN_OBJC_ROOT_CLASS = YES_ERROR;
				CLANG_WARN_QUOTED_INCLUDE_IN_FRAMEWORK_HEADER = YES;
				CLANG_WARN_RANGE_LOOP_ANALYSIS = YES;
				CLANG_WARN_STRICT_PROTOTYPES = YES;
				CLANG_WARN_SUSPICIOUS_MOVE = YES;
				CLANG_WARN_UNGUARDED_AVAILABILITY = YES_AGGRESSIVE;
				CLANG_WARN_UNREACHABLE_CODE = YES;
				CLANG_WARN__DUPLICATE_METHOD_MATCH = YES;
				COPY_PHASE_STRIP = NO;
				CURRENT_PROJECT_VERSION = 1;
				DEBUG_INFORMATION_FORMAT = dwarf;
				ENABLE_STRICT_OBJC_MSGSEND = YES;
				ENABLE_TESTABILITY = YES;
				GCC_C_LANGUAGE_STANDARD = gnu11;
				GCC_DYNAMIC_NO_PIC = NO;
				GCC_NO_COMMON_BLOCKS = YES;
				GCC_OPTIMIZATION_LEVEL = 0;
				GCC_PREPROCESSOR_DEFINITIONS = (
					"DEBUG=1",
					"$(inherited)",
				);
				GCC_WARN_64_TO_32_BIT_CONVERSION = YES;
				GCC_WARN_ABOUT_RETURN_TYPE = YES_ERROR;
				GCC_WARN_UNDECLARED_SELECTOR = YES;
				GCC_WARN_UNINITIALIZED_AUTOS = YES_AGGRESSIVE;
				GCC_WARN_UNUSED_FUNCTION = YES;
				GCC_WARN_UNUSED_VARIABLE = YES;
				IPHONEOS_DEPLOYMENT_TARGET = 13.0;
				MTL_ENABLE_DEBUG_INFO = INCLUDE_SOURCE;
				MTL_FAST_MATH = YES;
				ONLY_ACTIVE_ARCH = YES;
				SDKROOT = iphoneos;
				SWIFT_ACTIVE_COMPILATION_CONDITIONS = DEBUG;
				SWIFT_OPTIMIZATION_LEVEL = "-Onone";
				VERSIONING_SYSTEM = "apple-generic";
				VERSION_INFO_PREFIX = "";
			};
			name = Debug;
		};
		19DC5F2526E61797000DD762 /* Release */ = {
			isa = XCBuildConfiguration;
			buildSettings = {
				ALWAYS_SEARCH_USER_PATHS = NO;
				CLANG_ANALYZER_NONNULL = YES;
				CLANG_ANALYZER_NUMBER_OBJECT_CONVERSION = YES_AGGRESSIVE;
				CLANG_CXX_LANGUAGE_STANDARD = "gnu++14";
				CLANG_CXX_LIBRARY = "libc++";
				CLANG_ENABLE_MODULES = YES;
				CLANG_ENABLE_OBJC_ARC = YES;
				CLANG_ENABLE_OBJC_WEAK = YES;
				CLANG_WARN_BLOCK_CAPTURE_AUTORELEASING = YES;
				CLANG_WARN_BOOL_CONVERSION = YES;
				CLANG_WARN_COMMA = YES;
				CLANG_WARN_CONSTANT_CONVERSION = YES;
				CLANG_WARN_DEPRECATED_OBJC_IMPLEMENTATIONS = YES;
				CLANG_WARN_DIRECT_OBJC_ISA_USAGE = YES_ERROR;
				CLANG_WARN_DOCUMENTATION_COMMENTS = YES;
				CLANG_WARN_EMPTY_BODY = YES;
				CLANG_WARN_ENUM_CONVERSION = YES;
				CLANG_WARN_INFINITE_RECURSION = YES;
				CLANG_WARN_INT_CONVERSION = YES;
				CLANG_WARN_NON_LITERAL_NULL_CONVERSION = YES;
				CLANG_WARN_OBJC_IMPLICIT_RETAIN_SELF = YES;
				CLANG_WARN_OBJC_LITERAL_CONVERSION = YES;
				CLANG_WARN_OBJC_ROOT_CLASS = YES_ERROR;
				CLANG_WARN_QUOTED_INCLUDE_IN_FRAMEWORK_HEADER = YES;
				CLANG_WARN_RANGE_LOOP_ANALYSIS = YES;
				CLANG_WARN_STRICT_PROTOTYPES = YES;
				CLANG_WARN_SUSPICIOUS_MOVE = YES;
				CLANG_WARN_UNGUARDED_AVAILABILITY = YES_AGGRESSIVE;
				CLANG_WARN_UNREACHABLE_CODE = YES;
				CLANG_WARN__DUPLICATE_METHOD_MATCH = YES;
				COPY_PHASE_STRIP = NO;
				CURRENT_PROJECT_VERSION = 1;
				DEBUG_INFORMATION_FORMAT = "dwarf-with-dsym";
				ENABLE_NS_ASSERTIONS = NO;
				ENABLE_STRICT_OBJC_MSGSEND = YES;
				GCC_C_LANGUAGE_STANDARD = gnu11;
				GCC_NO_COMMON_BLOCKS = YES;
				GCC_WARN_64_TO_32_BIT_CONVERSION = YES;
				GCC_WARN_ABOUT_RETURN_TYPE = YES_ERROR;
				GCC_WARN_UNDECLARED_SELECTOR = YES;
				GCC_WARN_UNINITIALIZED_AUTOS = YES_AGGRESSIVE;
				GCC_WARN_UNUSED_FUNCTION = YES;
				GCC_WARN_UNUSED_VARIABLE = YES;
				IPHONEOS_DEPLOYMENT_TARGET = 13.0;
				MTL_ENABLE_DEBUG_INFO = NO;
				MTL_FAST_MATH = YES;
				SDKROOT = iphoneos;
				SWIFT_COMPILATION_MODE = wholemodule;
				SWIFT_OPTIMIZATION_LEVEL = "-O";
				VALIDATE_PRODUCT = YES;
				VERSIONING_SYSTEM = "apple-generic";
				VERSION_INFO_PREFIX = "";
			};
			name = Release;
		};
		19DC5F2726E61797000DD762 /* Debug */ = {
			isa = XCBuildConfiguration;
			buildSettings = {
				BUILD_LIBRARY_FOR_DISTRIBUTION = YES;
				CLANG_ENABLE_MODULES = YES;
				CODE_SIGN_STYLE = Automatic;
				CURRENT_PROJECT_VERSION = 1.0.0;
				DEFINES_MODULE = YES;
				DEVELOPMENT_ASSET_PATHS = "";
				DYLIB_COMPATIBILITY_VERSION = 1;
				DYLIB_CURRENT_VERSION = 1;
				DYLIB_INSTALL_NAME_BASE = "@rpath";
				INFOPLIST_FILE = GumletInsightsSDKAVPlayer/Info.plist;
				INSTALL_PATH = "$(LOCAL_LIBRARY_DIR)/Frameworks";
				IPHONEOS_DEPLOYMENT_TARGET = 13.0;
				LD_RUNPATH_SEARCH_PATHS = (
					"$(inherited)",
					"@executable_path/Frameworks",
					"@loader_path/Frameworks",
				);
				MARKETING_VERSION = 1.0;
				PRODUCT_BUNDLE_IDENTIFIER = com.gumlet.GumletInsightsAVPlayer;
				PRODUCT_NAME = "$(TARGET_NAME:c99extidentifier)";
				SKIP_INSTALL = YES;
				SWIFT_OPTIMIZATION_LEVEL = "-Onone";
				SWIFT_VERSION = 5.0;
				TARGETED_DEVICE_FAMILY = "1,2";
			};
			name = Debug;
		};
		19DC5F2826E61797000DD762 /* Release */ = {
			isa = XCBuildConfiguration;
			buildSettings = {
				BUILD_LIBRARY_FOR_DISTRIBUTION = YES;
				CLANG_ENABLE_MODULES = YES;
				CODE_SIGN_STYLE = Automatic;
				CURRENT_PROJECT_VERSION = 1.0.0;
				DEFINES_MODULE = YES;
				DEVELOPMENT_ASSET_PATHS = "";
				DYLIB_COMPATIBILITY_VERSION = 1;
				DYLIB_CURRENT_VERSION = 1;
				DYLIB_INSTALL_NAME_BASE = "@rpath";
				INFOPLIST_FILE = GumletInsightsSDKAVPlayer/Info.plist;
				INSTALL_PATH = "$(LOCAL_LIBRARY_DIR)/Frameworks";
				IPHONEOS_DEPLOYMENT_TARGET = 13.0;
				LD_RUNPATH_SEARCH_PATHS = (
					"$(inherited)",
					"@executable_path/Frameworks",
					"@loader_path/Frameworks",
				);
				MARKETING_VERSION = 1.0;
				PRODUCT_BUNDLE_IDENTIFIER = com.gumlet.GumletInsightsAVPlayer;
				PRODUCT_NAME = "$(TARGET_NAME:c99extidentifier)";
				SKIP_INSTALL = YES;
				SWIFT_VERSION = 5.0;
				TARGETED_DEVICE_FAMILY = "1,2";
			};
			name = Release;
		};
/* End XCBuildConfiguration section */

/* Begin XCConfigurationList section */
		19DC5F1826E61797000DD762 /* Build configuration list for PBXProject "GumletInsightsSDKAVPlayer" */ = {
			isa = XCConfigurationList;
			buildConfigurations = (
				19DC5F2426E61797000DD762 /* Debug */,
				19DC5F2526E61797000DD762 /* Release */,
			);
			defaultConfigurationIsVisible = 0;
			defaultConfigurationName = Release;
		};
		19DC5F2626E61797000DD762 /* Build configuration list for PBXNativeTarget "GumletInsightsSDKAVPlayer" */ = {
			isa = XCConfigurationList;
			buildConfigurations = (
				19DC5F2726E61797000DD762 /* Debug */,
				19DC5F2826E61797000DD762 /* Release */,
			);
			defaultConfigurationIsVisible = 0;
			defaultConfigurationName = Release;
		};
/* End XCConfigurationList section */
	};
	rootObject = 19DC5F1526E61797000DD762 /* Project object */;
}
