PODS:
  - GumletInsights (1.0.0)

DEPENDENCIES:
  - GumletInsights (~> 1.0.0)

SPEC REPOS:
  https://github.com/gumlet/gumlet-insights-sdk-avplayer.git:
    - GumletInsights

SPEC CHECKSUMS:
  GumletInsights: 980a608200da42001a177ea47ddfeb6110ea8f1b

PODFILE CHECKSUM: 6946baf37c1a88f697d7987744d87c434cdef0ab

COCOAPODS: 1.11.2
