PODS:
  - GumletInsightsSDKAVPlayer (1.0.0)

DEPENDENCIES:
  - GumletInsightsSDKAVPlayer (~> 1.0.0)

SPEC REPOS:
  trunk:
    - GumletInsightsSDKAVPlayer

SPEC CHECKSUMS:
  GumletInsightsSDKAVPlayer: cef51c24a644794da8d4664cbaa5f589f584dd48

<<<<<<< HEAD
PODFILE CHECKSUM: 2a3d0af2a376866b62acd13656fee25ae0c69c88
=======
PODFILE CHECKSUM: d5bf4f537167c20208821c904afa40cbc52ad3ed
>>>>>>> c01efcbadf30cb987a9e0c916f5ab6335ab3e3f9

COCOAPODS: 1.11.2
