PODS:
  - GumletInsightsSDKAVPlayer (1.0.0)

DEPENDENCIES:
  - GumletInsightsSDKAVPlayer (~> 1.0.0)

SPEC REPOS:
  trunk:
    - GumletInsightsSDKAVPlayer

SPEC CHECKSUMS:
  GumletInsightsSDKAVPlayer: cef51c24a644794da8d4664cbaa5f589f584dd48

PODFILE CHECKSUM: 2a3d0af2a376866b62acd13656fee25ae0c69c88

COCOAPODS: 1.11.2
