PODS:
  - GumletInsightsSDKAVPlayer (1.0.0)

DEPENDENCIES:
  - GumletInsightsSDKAVPlayer (~> 1.0.0)

SPEC REPOS:
  trunk:
    - GumletInsightsSDKAVPlayer

SPEC CHECKSUMS:
  GumletInsightsSDKAVPlayer: cef51c24a644794da8d4664cbaa5f589f584dd48

PODFILE CHECKSUM: d5bf4f537167c20208821c904afa40cbc52ad3ed

COCOAPODS: 1.11.2
